PODS:
  - Flutter (1.0.0)
  - flutter_easemob (0.0.1):
    - Flutter

DEPENDENCIES:
  - Flutter (from `.symlinks/flutter/ios`)
  - flutter_easemob (from `.symlinks/plugins/flutter_easemob/ios`)

EXTERNAL SOURCES:
  Flutter:
    :path: ".symlinks/flutter/ios"
  flutter_easemob:
    :path: ".symlinks/plugins/flutter_easemob/ios"

SPEC CHECKSUMS:
  Flutter: 0e3d915762c693b495b44d77113d4970485de6ec
  flutter_easemob: c31060deb61dc21b0b6d20050b99d96cc88485f5

PODFILE CHECKSUM: 7fb83752f59ead6285236625b82473f90b1cb932

COCOAPODS: 1.8.4
